
Microsoft Visual Studio Solution File, Format Version 12.00
# Visual Studio Version 17
VisualStudioVersion = 17.2.32602.215
MinimumVisualStudioVersion = 10.0.40219.1
Project("{FAE04EC0-301F-11D3-BF4B-00C04F79EFBC}") = "RabbitMQ_Consumer", "RabbitMQ_Consumer\RabbitMQ_Consumer.csproj", "{5AF4792E-BA2B-41AF-93BF-A139FF0514EF}"
EndProject
Global
	GlobalSection(SolutionConfigurationPlatforms) = preSolution
		Debug|Any CPU = Debug|Any CPU
		Release|Any CPU = Release|Any CPU
	EndGlobalSection
	GlobalSection(ProjectConfigurationPlatforms) = postSolution
		{5AF4792E-BA2B-41AF-93BF-A139FF0514EF}.Debug|Any CPU.ActiveCfg = Debug|Any CPU
		{5AF4792E-BA2B-41AF-93BF-A139FF0514EF}.Debug|Any CPU.Build.0 = Debug|Any CPU
		{5AF4792E-BA2B-41AF-93BF-A139FF0514EF}.Release|Any CPU.ActiveCfg = Release|Any CPU
		{5AF4792E-BA2B-41AF-93BF-A139FF0514EF}.Release|Any CPU.Build.0 = Release|Any CPU
	EndGlobalSection
	GlobalSection(SolutionProperties) = preSolution
		HideSolutionNode = FALSE
	EndGlobalSection
	GlobalSection(ExtensibilityGlobals) = postSolution
		SolutionGuid = {EEBFC97E-2DC5-4634-9AE6-7BE6DDF3CFFB}
	EndGlobalSection
EndGlobal
